# This file is generated by running "yarn install" inside your project.
# Manual changes might be lost - proceed with caution!

__metadata:
  version: 7
  cacheKey: 9

"@cspotcode/source-map-support@npm:^0.8.0":
  version: 0.8.1
  resolution: "@cspotcode/source-map-support@npm:0.8.1"
  dependencies:
    "@jridgewell/trace-mapping": "npm:0.3.9"
  checksum: 4327d8e6e4347897f5baf265c43ff094260a3ad7b53920fa07472aa18699ba7d570e5171082e88d19e4b5cce6f35cc1666b1c8ccb8b74d67e4f482395b8c511d
  languageName: node
  linkType: hard

"@jridgewell/resolve-uri@npm:^3.0.3":
  version: 3.1.0
  resolution: "@jridgewell/resolve-uri@npm:3.1.0"
  checksum: 6b641bb7e25bc92a9848898cc91a77a390f393f086297ec2336d911387bdd708919c418e74a22732cfc21d0e7300b94306f437d2e9de5ab58b33ebc6c39d6f9d
  languageName: node
  linkType: hard

"@jridgewell/sourcemap-codec@npm:^1.4.10":
  version: 1.4.14
  resolution: "@jridgewell/sourcemap-codec@npm:1.4.14"
  checksum: 2147ea75c966fed8a7d9ed6679b7e8c380fa790a9bea5a64f4ec1c26d24e44b461aa60fc3b228cea03a46708d9d1bcf19508035bf27ad5e8f63d0998ed1d1117
  languageName: node
  linkType: hard

"@jridgewell/trace-mapping@npm:0.3.9":
  version: 0.3.9
  resolution: "@jridgewell/trace-mapping@npm:0.3.9"
  dependencies:
    "@jridgewell/resolve-uri": "npm:^3.0.3"
    "@jridgewell/sourcemap-codec": "npm:^1.4.10"
  checksum: 542c5f0f0ae874121e9de649581f9619cc0c65e33292e1285f1233f5ff3e41e6f4f216d69a4c3f800b4d6db208ff6c710307e19e1ff170ed5304807e346e6cf9
  languageName: node
  linkType: hard

"@opentelemetry/api-metrics@npm:0.32.0":
  version: 0.32.0
  resolution: "@opentelemetry/api-metrics@npm:0.32.0"
  dependencies:
    "@opentelemetry/api": "npm:^1.0.0"
  checksum: db4c9e9737fe98fce313a9689e19a617c9cf09a88730c843eccd18303c5ebec8b9590266ce5b10ca266bc0e5eb0a41ab6b82311f5ee6e389d88ef2a2587b1dc9
  languageName: node
  linkType: hard

"@opentelemetry/api-metrics@npm:0.33.0":
  version: 0.33.0
  resolution: "@opentelemetry/api-metrics@npm:0.33.0"
  dependencies:
    "@opentelemetry/api": "npm:^1.0.0"
  checksum: f767a98480135f901deead4734bd40b07d57f39e10a397bf2d7fa891e5fc02d7603ee94be228491097c704a7cad377dfe66a1cab3f128ffa35b45faddc142383
  languageName: node
  linkType: hard

"@opentelemetry/api@npm:^1.0.0":
  version: 1.2.0
  resolution: "@opentelemetry/api@npm:1.2.0"
  checksum: 536b642396d53fd1401dfcd701223cdf7bdf292978be50411c65564b8a7164d0e256fd8aa9d5ae2f1f7786c9e8b33e8acdffc7857b69d22cf36cf1bb9541d76f
  languageName: node
  linkType: hard

"@opentelemetry/context-async-hooks@npm:1.7.0":
  version: 1.7.0
  resolution: "@opentelemetry/context-async-hooks@npm:1.7.0"
  peerDependencies:
    "@opentelemetry/api": ">=1.0.0 <1.3.0"
  checksum: 6a0d6077b15aba27cf0cf4c88fbd78e2f70fadbe1e8f8396ae0f5699d4f8453ddee2e9ddc06b91f10082064fabafd39e846f0252682624c9455ed9a71ec0157f
  languageName: node
  linkType: hard

"@opentelemetry/core@npm:1.7.0, @opentelemetry/core@npm:^1.0.0":
  version: 1.7.0
  resolution: "@opentelemetry/core@npm:1.7.0"
  dependencies:
    "@opentelemetry/semantic-conventions": "npm:1.7.0"
  peerDependencies:
    "@opentelemetry/api": ">=1.0.0 <1.3.0"
  checksum: 29f7152fc7cad62297d7851ae458955139249b7e75ea901b68dd54118bb236857dc1274a7664ac76a41aceebb3eed3173fe17d90ce641b21fc8fb925abffcd49
  languageName: node
  linkType: hard

"@opentelemetry/exporter-jaeger@npm:^1.7.0":
  version: 1.7.0
  resolution: "@opentelemetry/exporter-jaeger@npm:1.7.0"
  dependencies:
    "@opentelemetry/core": "npm:1.7.0"
    "@opentelemetry/sdk-trace-base": "npm:1.7.0"
    "@opentelemetry/semantic-conventions": "npm:1.7.0"
    jaeger-client: "npm:^3.15.0"
  peerDependencies:
    "@opentelemetry/api": ^1.0.0
  checksum: 0e43407dfe847f671466c3210151ac49819470e0460d5f3f324de68c2d61552690133598e1cc49c36d952a7d121ce500045745521a82b772409fdec4f2b91df2
  languageName: node
  linkType: hard

"@opentelemetry/exporter-trace-otlp-http@npm:^0.33.0":
  version: 0.33.0
  resolution: "@opentelemetry/exporter-trace-otlp-http@npm:0.33.0"
  dependencies:
    "@opentelemetry/core": "npm:1.7.0"
    "@opentelemetry/otlp-exporter-base": "npm:0.33.0"
    "@opentelemetry/otlp-transformer": "npm:0.33.0"
    "@opentelemetry/resources": "npm:1.7.0"
    "@opentelemetry/sdk-trace-base": "npm:1.7.0"
  peerDependencies:
    "@opentelemetry/api": ^1.0.0
  checksum: d2d39effaebbda396b6c0022ef0276e4a4696f99045bb2bfd579a6778a813f2f197db9bd72d67e1bba0504bb4c5bbba23e014b45856fb69434b99de15f3ca9d3
  languageName: node
  linkType: hard

"@opentelemetry/instrumentation-express@npm:^0.31.2":
  version: 0.31.2
  resolution: "@opentelemetry/instrumentation-express@npm:0.31.2"
  dependencies:
    "@opentelemetry/core": "npm:^1.0.0"
    "@opentelemetry/instrumentation": "npm:^0.32.0"
    "@opentelemetry/semantic-conventions": "npm:^1.0.0"
    "@types/express": "npm:4.17.13"
  peerDependencies:
    "@opentelemetry/api": ^1.0.0
  checksum: ada91f5c59647e4dc4bce7f59d312d3860c438a24183fcaf6d4444b7605481d7192ba96e434dd76cb0eae3358aaf597ac9956f5cfde702e82adc39ee14961368
  languageName: node
  linkType: hard

"@opentelemetry/instrumentation-http@npm:^0.33.0":
  version: 0.33.0
  resolution: "@opentelemetry/instrumentation-http@npm:0.33.0"
  dependencies:
    "@opentelemetry/api-metrics": "npm:0.33.0"
    "@opentelemetry/core": "npm:1.7.0"
    "@opentelemetry/instrumentation": "npm:0.33.0"
    "@opentelemetry/sdk-metrics": "npm:0.33.0"
    "@opentelemetry/semantic-conventions": "npm:1.7.0"
    semver: "npm:^7.3.5"
  peerDependencies:
    "@opentelemetry/api": ^1.0.0
  checksum: add86fd88f2d01ecbfb1ddd6ee336ac5e432ef5131b86fc9e9b05967223bc8e2900cc1c6aff4739fc447f26dfbea5d5516c1aa53244a1fc455f393a0dfbd6672
  languageName: node
  linkType: hard

"@opentelemetry/instrumentation@npm:0.33.0, @opentelemetry/instrumentation@npm:^0.33.0":
  version: 0.33.0
  resolution: "@opentelemetry/instrumentation@npm:0.33.0"
  dependencies:
    "@opentelemetry/api-metrics": "npm:0.33.0"
    require-in-the-middle: "npm:^5.0.3"
    semver: "npm:^7.3.2"
    shimmer: "npm:^1.2.1"
  peerDependencies:
    "@opentelemetry/api": ^1.0.0
  checksum: 439b334385e1b693d6386b157bb81f9aa44e7d6bae2cbb2824491771b42a828c48279b21e7d4dbedeca1885879706ae5c70a8b6134bf1eba664c9560d44695d2
  languageName: node
  linkType: hard

"@opentelemetry/instrumentation@npm:^0.32.0":
  version: 0.32.0
  resolution: "@opentelemetry/instrumentation@npm:0.32.0"
  dependencies:
    "@opentelemetry/api-metrics": "npm:0.32.0"
    require-in-the-middle: "npm:^5.0.3"
    semver: "npm:^7.3.2"
    shimmer: "npm:^1.2.1"
  peerDependencies:
    "@opentelemetry/api": ^1.0.0
  checksum: d315e6686f352563aaa886c8c0df83529f3b85f0c9a79351335205c12381f8f0b23e46620376e973c86dee87c9f5fad06cfe6d18723171acab1e1342663d8eea
  languageName: node
  linkType: hard

"@opentelemetry/otlp-exporter-base@npm:0.33.0":
  version: 0.33.0
  resolution: "@opentelemetry/otlp-exporter-base@npm:0.33.0"
  dependencies:
    "@opentelemetry/core": "npm:1.7.0"
  peerDependencies:
    "@opentelemetry/api": ^1.0.0
  checksum: 6466325440775b4bb3e18fbdc5e696b7c04aa636b24ed232af885aac64fafa405882b4d7fa03e96846dad3e894fecdcddd8fabac555a49fe4bb633bb7738337e
  languageName: node
  linkType: hard

"@opentelemetry/otlp-transformer@npm:0.33.0":
  version: 0.33.0
  resolution: "@opentelemetry/otlp-transformer@npm:0.33.0"
  dependencies:
    "@opentelemetry/api-metrics": "npm:0.33.0"
    "@opentelemetry/core": "npm:1.7.0"
    "@opentelemetry/resources": "npm:1.7.0"
    "@opentelemetry/sdk-metrics": "npm:0.33.0"
    "@opentelemetry/sdk-trace-base": "npm:1.7.0"
  peerDependencies:
    "@opentelemetry/api": ">=1.0.0 <1.3.0"
  checksum: 100e583c7a1a827cb899d9339289b8320b59bdf16e823f5cce34379827022f76c37e25aba6434f20bbbed83d5867482eb8879947ebd2c22f0be7140d283772dc
  languageName: node
  linkType: hard

"@opentelemetry/propagator-b3@npm:1.7.0":
  version: 1.7.0
  resolution: "@opentelemetry/propagator-b3@npm:1.7.0"
  dependencies:
    "@opentelemetry/core": "npm:1.7.0"
  peerDependencies:
    "@opentelemetry/api": ">=1.0.0 <1.3.0"
  checksum: cc42c0b4b82124e89bcdfd2270bd9814c712c01bc7b1209c56cb4f9c7d21cbbeda6996420599ce3b47f1a14b88308cec66dc117c9de83355fe696e6f3618ea98
  languageName: node
  linkType: hard

"@opentelemetry/propagator-jaeger@npm:1.7.0":
  version: 1.7.0
  resolution: "@opentelemetry/propagator-jaeger@npm:1.7.0"
  dependencies:
    "@opentelemetry/core": "npm:1.7.0"
  peerDependencies:
    "@opentelemetry/api": ">=1.0.0 <1.3.0"
  checksum: a3b5f233d82fbfe1f2e1ca26e7aaa68e15220bd901db7a5fa13d7a496cac958661561c04f7db079c239bf8c759707fd431da3892a0540eaa14f515b5f9ca6413
  languageName: node
  linkType: hard

"@opentelemetry/resources@npm:1.7.0":
  version: 1.7.0
  resolution: "@opentelemetry/resources@npm:1.7.0"
  dependencies:
    "@opentelemetry/core": "npm:1.7.0"
    "@opentelemetry/semantic-conventions": "npm:1.7.0"
  peerDependencies:
    "@opentelemetry/api": ">=1.0.0 <1.3.0"
  checksum: 5ade43c06cf654c67b530cd4eb8afce71cdf960df4f6bfb2462fecbbddd05789cd1e30977083824f51b64f517243d7d76d03db9204a0adda89a1db298f381654
  languageName: node
  linkType: hard

"@opentelemetry/sdk-metrics@npm:0.33.0":
  version: 0.33.0
  resolution: "@opentelemetry/sdk-metrics@npm:0.33.0"
  dependencies:
    "@opentelemetry/api-metrics": "npm:0.33.0"
    "@opentelemetry/core": "npm:1.7.0"
    "@opentelemetry/resources": "npm:1.7.0"
    lodash.merge: "npm:4.6.2"
  peerDependencies:
    "@opentelemetry/api": ^1.0.0
  checksum: e0c3eb7d23b05d48346dc7871a58a7f92039688e312edee45ed4ebf6ba33dc568fc32dbf7badbb8384669847e8161060a8332212e5563cf4a10a517b7ab66d4a
  languageName: node
  linkType: hard

"@opentelemetry/sdk-trace-base@npm:1.7.0":
  version: 1.7.0
  resolution: "@opentelemetry/sdk-trace-base@npm:1.7.0"
  dependencies:
    "@opentelemetry/core": "npm:1.7.0"
    "@opentelemetry/resources": "npm:1.7.0"
    "@opentelemetry/semantic-conventions": "npm:1.7.0"
  peerDependencies:
    "@opentelemetry/api": ">=1.0.0 <1.3.0"
  checksum: 06d6559b90227b23dde1cf1e177a5f3c53767280d3195f7d771d1054ca39b6375467f6ebc1a89aa7fdb4fa2ff50c739d714846cbf1c543abfa74c3783caae527
  languageName: node
  linkType: hard

"@opentelemetry/sdk-trace-node@npm:^1.7.0":
  version: 1.7.0
  resolution: "@opentelemetry/sdk-trace-node@npm:1.7.0"
  dependencies:
    "@opentelemetry/context-async-hooks": "npm:1.7.0"
    "@opentelemetry/core": "npm:1.7.0"
    "@opentelemetry/propagator-b3": "npm:1.7.0"
    "@opentelemetry/propagator-jaeger": "npm:1.7.0"
    "@opentelemetry/sdk-trace-base": "npm:1.7.0"
    semver: "npm:^7.3.5"
  peerDependencies:
    "@opentelemetry/api": ">=1.0.0 <1.3.0"
  checksum: 4a065ffd4d5537d900f1b6df266a295ed7201b9b55f7a9e24735bdff116d6fefe21b5589fece6c2fc103a0c9829de4fe7736c8f1cb799a75fa1df613477b5170
  languageName: node
  linkType: hard

"@opentelemetry/semantic-conventions@npm:1.7.0, @opentelemetry/semantic-conventions@npm:^1.0.0":
  version: 1.7.0
  resolution: "@opentelemetry/semantic-conventions@npm:1.7.0"
  checksum: 4731108b0a7b2c9be5ba3253fdfd20ad800fa2f277968d54de123fef2bf922eeb892b65e791bcbb9dff7ba0ecc894ac19e83271ee3938eb3ff40785f2a519502
  languageName: node
  linkType: hard

"@tsconfig/node10@npm:^1.0.7":
  version: 1.0.9
  resolution: "@tsconfig/node10@npm:1.0.9"
  checksum: 6ec0cadbcd7942f64b5d00c4b19ff783410a5f1511c1feefa8e99b5df1e57776c4f2ce058870c9d982a4ca460051dbd2a5e57d11989aab40f6c68e98c92b6d14
  languageName: node
  linkType: hard

"@tsconfig/node12@npm:^1.0.7":
  version: 1.0.11
  resolution: "@tsconfig/node12@npm:1.0.11"
  checksum: 2ba331a89b6778df0fb49ab0ba3e809c0a0d5ca3d9f898ba4a0a276043616b6047aec5dd4a5d1ae9a09ff267bcddbbc96d968857e6690583fd474a58c25c2e1c
  languageName: node
  linkType: hard

"@tsconfig/node14@npm:^1.0.0":
  version: 1.0.3
  resolution: "@tsconfig/node14@npm:1.0.3"
  checksum: 8d04150cdfbe5b89be095586bfa35415800b694f9955274df16b1017e1cef9697467185b3f7c64ed588a7e8d48ff6f4cc3125c8265b5e3d4f757884dcc6facbc
  languageName: node
  linkType: hard

"@tsconfig/node16@npm:^1.0.2":
  version: 1.0.3
  resolution: "@tsconfig/node16@npm:1.0.3"
  checksum: 4280081089783dfeab00e5bc18ff55e11e8e4577d4626f34730a062c99ec4136fe6c2036e6f20ebe50b1c3e01bc29db6e2cfa9541a7b6dc99825ccbe8f7f8395
  languageName: node
  linkType: hard

"@types/body-parser@npm:*":
  version: 1.19.2
  resolution: "@types/body-parser@npm:1.19.2"
  dependencies:
    "@types/connect": "npm:*"
    "@types/node": "npm:*"
  checksum: 839e71535a3085c49da7c4d64ab98b35056c3d7ae069b06f4731c0980d738267a2c46ba5ffba0702aece8c61a877272f9a20d89929000fead4aac5098793d0fb
  languageName: node
  linkType: hard

"@types/connect@npm:*":
  version: 3.4.35
  resolution: "@types/connect@npm:3.4.35"
  dependencies:
    "@types/node": "npm:*"
  checksum: 1fffce36ab2abf23023d8bb0f5c35c481cb97d116e6a1b206668be9dd57ffa9ae705256d232461fe05c6007c03a0fb7f1600256643ccc08b62d6f67214b1bb75
  languageName: node
  linkType: hard

"@types/express-serve-static-core@npm:^4.17.18":
  version: 4.17.31
  resolution: "@types/express-serve-static-core@npm:4.17.31"
  dependencies:
    "@types/node": "npm:*"
    "@types/qs": "npm:*"
    "@types/range-parser": "npm:*"
  checksum: 88c17414b7d6d41b705463c002565a694d8f05f1417c3ba2e7523d9dcda4e2c591b8f56e480e144efaf43f6aad98446745a0c3b84174e498577763fe58ac5423
  languageName: node
  linkType: hard

"@types/express@npm:4.17.13":
  version: 4.17.13
  resolution: "@types/express@npm:4.17.13"
  dependencies:
    "@types/body-parser": "npm:*"
    "@types/express-serve-static-core": "npm:^4.17.18"
    "@types/qs": "npm:*"
    "@types/serve-static": "npm:*"
  checksum: 114a3b85cd27a5d7873321499d4af2e8964d4f1a6344b224555d356be2d90e8024cba0dcf1159c30a8d39d8cb8312dff85b1a79a23c139122879499c568ac06e
  languageName: node
  linkType: hard

"@types/express@npm:^4.17.14":
  version: 4.17.14
  resolution: "@types/express@npm:4.17.14"
  dependencies:
    "@types/body-parser": "npm:*"
    "@types/express-serve-static-core": "npm:^4.17.18"
    "@types/qs": "npm:*"
    "@types/serve-static": "npm:*"
  checksum: 7e2d23081f1aa8d8e4218fba4e305f2a52e221a99340ecc4694482cd2878cbb344deae1b8899e7682a05cf95c9a130e97534bf0e22d983c45d25a8788351803d
  languageName: node
  linkType: hard

"@types/mime@npm:*":
  version: 3.0.1
  resolution: "@types/mime@npm:3.0.1"
  checksum: dafaa1822136dac7e7e1356b3a3876d7e4ee33c200ac9097eee74365680f917e3fefd2e08453ddb29d727bae357fb86d29de05d851cdad9064228316fa29c0c2
  languageName: node
  linkType: hard

"@types/node@npm:*, @types/node@npm:^18.8.2":
  version: 18.8.2
  resolution: "@types/node@npm:18.8.2"
  checksum: 2a199f877777148eb536f92ca19543e2cff54cfbf966642325f10cffcbeb3ef0a0b456cc766287e1e560946c5c3024f0d310a6345d566d3918d4c9bfcede4c7d
  languageName: node
  linkType: hard

"@types/qs@npm:*":
  version: 6.9.7
  resolution: "@types/qs@npm:6.9.7"
  checksum: 6ad8b468d122ef64878bef150efb428532cc8768ec66fac61b9abb1ff0f30520d86138290e753d5f179e6fd01ba3a51c56e2e0a7a6e40b5d1cfd8b701f70367d
  languageName: node
  linkType: hard

"@types/range-parser@npm:*":
  version: 1.2.4
  resolution: "@types/range-parser@npm:1.2.4"
  checksum: 0ceeddc63c66d2e632c93ed6fdea6e7fcc20a3a2a6fc84043a9700259fe4d50002b21c9cf99c58b3960bb2bd541b8f8bec255ae35025f99e8ca92be7d341e60e
  languageName: node
  linkType: hard

"@types/serve-static@npm:*":
  version: 1.15.0
  resolution: "@types/serve-static@npm:1.15.0"
  dependencies:
    "@types/mime": "npm:*"
    "@types/node": "npm:*"
  checksum: 7db8fd127cfdfdb161922fb9a6fcb2022418755c375ae8550b8d53a4fcd686af1b71fb35c81c4e223a16b74bbfadfc810de06172eef7ee3394d94294fc3536f1
  languageName: node
  linkType: hard

"accepts@npm:~1.3.8":
  version: 1.3.8
  resolution: "accepts@npm:1.3.8"
  dependencies:
    mime-types: "npm:~2.1.34"
    negotiator: "npm:0.6.3"
  checksum: 4634cf08b9ccf6a7618a006d54b6a29c159c233eb40194e397373308244ebad0436155d0604463d401673d47c1e1f65ea1237d58cbe8ad780d01f20f61ce19f4
  languageName: node
  linkType: hard

"acorn-walk@npm:^8.1.1":
  version: 8.2.0
  resolution: "acorn-walk@npm:8.2.0"
  checksum: 389d3f19998ac0924a590485a6502b72059e3ab67cc820477c2c40cca06b6c50bb8d424bfbb8fe97955eb489b88cb5dc7ee6979fcf9321dce7eb451ba3456d3d
  languageName: node
  linkType: hard

"acorn@npm:^8.4.1":
  version: 8.8.0
  resolution: "acorn@npm:8.8.0"
  bin:
    acorn: bin/acorn
  checksum: 15b10fb381a8a0394a718eba147e120b9d1ae6ed087e61612ee5fda94f98182e5fcd78ef6725c027dc3c5677ce920617c14c359d7777e8ef6a058d2ba113f81f
  languageName: node
  linkType: hard

"ansi-color@npm:^0.2.1":
  version: 0.2.1
  resolution: "ansi-color@npm:0.2.1"
  checksum: 8ddb9b2780aefc9545ccec772c4f54c2ac2fac524fc381708b271e1e8621b717f9a095c4b7989c95dbf7b89c41e4940d3b64d14ab8c9b425bce410c4e893700c
  languageName: node
  linkType: hard

"arg@npm:^4.1.0":
  version: 4.1.3
  resolution: "arg@npm:4.1.3"
  checksum: a60e3881540ab44af1058bf3c9bdbcdd45a82cb930299ae875e609b60b44435410d152b26d55816e8ef2cf1096cfa39271f5b1bd3dd931355f3f24f043dc7ca5
  languageName: node
  linkType: hard

"array-flatten@npm:1.1.1":
  version: 1.1.1
  resolution: "array-flatten@npm:1.1.1"
  checksum: 4f31d5671990976098f6ea9d82986748f43d0d44e3ab815d84d33cd5369ee964386804213619d4d050b33fe1cefa5e1420e98d350cd0162ab087d9d58c02d1c4
  languageName: node
  linkType: hard

"body-parser@npm:1.20.0":
  version: 1.20.0
  resolution: "body-parser@npm:1.20.0"
  dependencies:
    bytes: "npm:3.1.2"
    content-type: "npm:~1.0.4"
    debug: "npm:2.6.9"
    depd: "npm:2.0.0"
    destroy: "npm:1.2.0"
    http-errors: "npm:2.0.0"
    iconv-lite: "npm:0.4.24"
    on-finished: "npm:2.4.1"
    qs: "npm:6.10.3"
    raw-body: "npm:2.5.1"
    type-is: "npm:~1.6.18"
    unpipe: "npm:1.0.0"
  checksum: 38cafb558592481cf3a65d1c25b1efe790283638d005bace09191e67e8495e4ae4e83dce761bef6164bde548eb64cdeccf8e81bbbad91af8c9d58a0256542ed4
  languageName: node
  linkType: hard

"bufrw@npm:^1.3.0":
  version: 1.3.0
  resolution: "bufrw@npm:1.3.0"
  dependencies:
    ansi-color: "npm:^0.2.1"
    error: "npm:^7.0.0"
    hexer: "npm:^1.5.0"
    xtend: "npm:^4.0.0"
  checksum: 06159702d8481dab9f95e19f6eed66a153bb01b4bc695cd6b6128e4bed446fdd44db9173e4fde09ed4013e856ff5b195bca57c55487a6b71b1970711aff2636d
  languageName: node
  linkType: hard

"bytes@npm:3.1.2":
  version: 3.1.2
  resolution: "bytes@npm:3.1.2"
  checksum: b9b056ed671c71c7e0f4ce7b60a0c17305d1e3e9b6c967e0e82ce85bd8fad16efa4df992177d429e253b47c45a716e6823a9d046b660b4b5b7e1e21b4801edfe
  languageName: node
  linkType: hard

"call-bind@npm:^1.0.0":
  version: 1.0.2
  resolution: "call-bind@npm:1.0.2"
  dependencies:
    function-bind: "npm:^1.1.1"
    get-intrinsic: "npm:^1.0.2"
  checksum: 6fccea8a00310bf2e2b2a07aca0eddbdcd5de2eec9dfe880c1c8b0b7fd3c6809bf28aab0209aa530a35a2fba48587733521df7f83f8d5354047afed78b69a36b
  languageName: node
  linkType: hard

"content-disposition@npm:0.5.4":
  version: 0.5.4
  resolution: "content-disposition@npm:0.5.4"
  dependencies:
    safe-buffer: "npm:5.2.1"
  checksum: d38295838d0d136bf434c58deb24b574d66486234832bc97be293d0bd2350acb95a548def1071817346facde253f352f48e7d4ee187f08995b9a6c8317361a5c
  languageName: node
  linkType: hard

"content-type@npm:~1.0.4":
  version: 1.0.4
  resolution: "content-type@npm:1.0.4"
  checksum: 20bda9bccfb0086d4e4b35cc5c6073b693d4a8ff0a0da0b68cf283c34a649a5d07068fd240c1ed503a7696dbbf4c875cecb708ea219db1880fbfa40e8fb02620
  languageName: node
  linkType: hard

"cookie-signature@npm:1.0.6":
  version: 1.0.6
  resolution: "cookie-signature@npm:1.0.6"
  checksum: b99cb14f01bd69029eba0a24f3468034a590ff9ca048dcd37dcb344be2edf8691de8bbef8acffbadc2c5b38f6064fd7eb79714054458f6b714af3e25a884a9f5
  languageName: node
  linkType: hard

"cookie@npm:0.5.0":
  version: 0.5.0
  resolution: "cookie@npm:0.5.0"
  checksum: 23bd6dd64f025869373c6f3c72a870b9bd0e0e6a0ffe734229c032d7aca51972ba584b39100c09141b18043e790862425aae4a60d7449fca565b21cdae0cb3c3
  languageName: node
  linkType: hard

"create-require@npm:^1.1.0":
  version: 1.1.1
  resolution: "create-require@npm:1.1.1"
  checksum: 9db2a6d1a6e69929e4b18045910289a17543f9f07ba4d6027e9c3fdc4c985998cd4b6738a45675ab870287483832332d5aa75a1612c87230149d1fba568ae86a
  languageName: node
  linkType: hard

"debug@npm:2.6.9":
  version: 2.6.9
  resolution: "debug@npm:2.6.9"
  dependencies:
    ms: "npm:2.0.0"
  checksum: 143f776060e764362b11d8788c6ef7b125fe930f0b5766559c11521af6dfc256979726167a66218249d8e2f99548c1a8bdb026aad577deecc86b56b4652d4626
  languageName: node
  linkType: hard

"debug@npm:^4.1.1":
  version: 4.3.4
  resolution: "debug@npm:4.3.4"
  dependencies:
    ms: "npm:2.1.2"
  peerDependenciesMeta:
    supports-color:
      optional: true
  checksum: ab50d98b6f2a0e803379e8f789017f4215efd0e085774623e462c691e9f99bfd359a35f7424ff401da3ea58b31f89ceebc9ea35779b4a94f78b0ee3e235b6640
  languageName: node
  linkType: hard

"depd@npm:2.0.0":
  version: 2.0.0
  resolution: "depd@npm:2.0.0"
  checksum: 170e90bfa90081462303140623fdf938aeba2f066b1c7a9a1c599b257ea8127d36b9d39fad5a9d71f5282a3bb5a8ca287ce4d8c6cecd0f65e6bf3779cc6091be
  languageName: node
  linkType: hard

"destroy@npm:1.2.0":
  version: 1.2.0
  resolution: "destroy@npm:1.2.0"
  checksum: dc7c93cc92fefb26b1fd5251603da79b0289d06b6891743cb16ac11564aaf0cc985e89efb663322a39a477c4c7f2da51321bf82bb513280a12171cef63b60a21
  languageName: node
  linkType: hard

"diff@npm:^4.0.1":
  version: 4.0.2
  resolution: "diff@npm:4.0.2"
  checksum: 1b445113c0727e15646a058b2794df63366bd1e32abf078990b78c2a355fe72e4e3c8de3399f2c5d67f06cd461acdebd91b5f71cb2cd02f7300bdb926a3cd6e2
  languageName: node
  linkType: hard

"ee-first@npm:1.1.1":
  version: 1.1.1
  resolution: "ee-first@npm:1.1.1"
  checksum: 037800fb1ddc8398702b8fdac0507da850804a43bcc623ccb7969a2ebecb384f1d0dec43dc74dc8b11eeb7652ba8fe5cba9ccce26ee6c78454b38439a5051560
  languageName: node
  linkType: hard

"encodeurl@npm:~1.0.2":
  version: 1.0.2
  resolution: "encodeurl@npm:1.0.2"
  checksum: 3c87693cb4bf8e6e0da8b549c30c12f638e55c51195048de49c412b3b6c63feced7cbf4743d69e41fc4373cc39bbc6519968faad0e3c8ea24a5c125b727aa79d
  languageName: node
  linkType: hard

"error@npm:7.0.2":
  version: 7.0.2
  resolution: "error@npm:7.0.2"
  dependencies:
    string-template: "npm:~0.2.1"
    xtend: "npm:~4.0.0"
  checksum: d4f32f3e212a5c218c3bd2d6b2ede51456db1141f9e962838b5e2e188dd94ef3d7fca038ddd7330e180d4525dc67a2c11f0f2102302ea99c6e0d55f54b2e3253
  languageName: node
  linkType: hard

"error@npm:^7.0.0":
  version: 7.2.1
  resolution: "error@npm:7.2.1"
  dependencies:
    string-template: "npm:~0.2.1"
  checksum: 6ce3e35d9b766b68b7a9431990fc9038e3627a4c1cafd49639ac2335019d5c69a9228dc2acb09df29f25fd829e01ce9c69040e0b747a863625737cce7a7b18f1
  languageName: node
  linkType: hard

"escape-html@npm:~1.0.3":
  version: 1.0.3
  resolution: "escape-html@npm:1.0.3"
  checksum: c2c0e204bdee0452b5481e18e659d8f0ef909b774cd8140724e53df3254e75c04e8ff30298f658ca0310191f46de5bbb94459fc55103eb978eb6ffaaf499bbd1
  languageName: node
  linkType: hard

"etag@npm:~1.8.1":
  version: 1.8.1
  resolution: "etag@npm:1.8.1"
  checksum: 70d88dfb36416dffbb09859cb5c72a71ae9a0b3da550643a75d28d3a853c999fb30076bc33d2a1c3882988e3631093b148bacaee133e070de4798e63753b82ac
  languageName: node
  linkType: hard

"express@npm:^4.18.1":
  version: 4.18.1
  resolution: "express@npm:4.18.1"
  dependencies:
    accepts: "npm:~1.3.8"
    array-flatten: "npm:1.1.1"
    body-parser: "npm:1.20.0"
    content-disposition: "npm:0.5.4"
    content-type: "npm:~1.0.4"
    cookie: "npm:0.5.0"
    cookie-signature: "npm:1.0.6"
    debug: "npm:2.6.9"
    depd: "npm:2.0.0"
    encodeurl: "npm:~1.0.2"
    escape-html: "npm:~1.0.3"
    etag: "npm:~1.8.1"
    finalhandler: "npm:1.2.0"
    fresh: "npm:0.5.2"
    http-errors: "npm:2.0.0"
    merge-descriptors: "npm:1.0.1"
    methods: "npm:~1.1.2"
    on-finished: "npm:2.4.1"
    parseurl: "npm:~1.3.3"
    path-to-regexp: "npm:0.1.7"
    proxy-addr: "npm:~2.0.7"
    qs: "npm:6.10.3"
    range-parser: "npm:~1.2.1"
    safe-buffer: "npm:5.2.1"
    send: "npm:0.18.0"
    serve-static: "npm:1.15.0"
    setprototypeof: "npm:1.2.0"
    statuses: "npm:2.0.1"
    type-is: "npm:~1.6.18"
    utils-merge: "npm:1.0.1"
    vary: "npm:~1.1.2"
  checksum: 22dbd588b0c2b24786166404b9be416a4909a3e90a85f0076e7bf24a010a5d979240c79e8956c529b8cc133230a3493706a8b3648aa13cb0cd1b2c66fe08e4a8
  languageName: node
  linkType: hard

"finalhandler@npm:1.2.0":
  version: 1.2.0
  resolution: "finalhandler@npm:1.2.0"
  dependencies:
    debug: "npm:2.6.9"
    encodeurl: "npm:~1.0.2"
    escape-html: "npm:~1.0.3"
    on-finished: "npm:2.4.1"
    parseurl: "npm:~1.3.3"
    statuses: "npm:2.0.1"
    unpipe: "npm:~1.0.0"
  checksum: 31ca595367c936c6614f67bd94c7e64a31ad9b8bd52751811b4f9deb666928d8da578a230baacf7760845126ef35330382a2e935f0757d22312ba942056dc1c1
  languageName: node
  linkType: hard

"forwarded@npm:0.2.0":
  version: 0.2.0
  resolution: "forwarded@npm:0.2.0"
  checksum: d1d18e065b310fb44e3190497119b810db59da95a8ac0ba186e94385484c72e189e9a5da404a209886fdcfaacc1efcb066e7d90c4281dfd7e3ce3ccd18a8dd32
  languageName: node
  linkType: hard

"fresh@npm:0.5.2":
  version: 0.5.2
  resolution: "fresh@npm:0.5.2"
  checksum: 57c25f8cdc1c8db81fc3477b8073627614c5132ae7070c8e920ff35afbddb32f98d74ab6828d92f1e1c52583b2f8ea16ac7991406ffe2bb4ec752b1aaa94350e
  languageName: node
  linkType: hard

"function-bind@npm:^1.1.1":
  version: 1.1.1
  resolution: "function-bind@npm:1.1.1"
  checksum: 8a644b8118679030cb3aeb783b024a9ee358b15c5780bdb49fe5d482f6df54672bda860e19bce87d756a5e165740caaa96f5e8487fa98933c327f631e23a5490
  languageName: node
  linkType: hard

"get-intrinsic@npm:^1.0.2":
  version: 1.1.3
  resolution: "get-intrinsic@npm:1.1.3"
  dependencies:
    function-bind: "npm:^1.1.1"
    has: "npm:^1.0.3"
    has-symbols: "npm:^1.0.3"
  checksum: 885245c0964b0acf38383792a1174022f00db91624239fa0338b6101f865601df0f17dbef15083dc875374d9b50c64bb4177e411a5a40edb0e5cd0e60829caad
  languageName: node
  linkType: hard

"has-symbols@npm:^1.0.3":
  version: 1.0.3
  resolution: "has-symbols@npm:1.0.3"
  checksum: 2d0abb3382da2945b1b8d9a4afebc8a0770fe07198e727b4fbd7f616c70796f040bf2bd8d6db47e0c590507812a2680594fc77f871238289f6c7870318cf62c9
  languageName: node
  linkType: hard

"has@npm:^1.0.3":
  version: 1.0.3
  resolution: "has@npm:1.0.3"
  dependencies:
    function-bind: "npm:^1.1.1"
  checksum: 3e8c4d87ccd9c160d61a5db829b5fb647acac79e482476c857d5d1dc580517c6a77cf84337808f28361f6263008ce1ce5aff44407bd9241af93c623ef8d8d4f1
  languageName: node
  linkType: hard

"hexer@npm:^1.5.0":
  version: 1.5.0
  resolution: "hexer@npm:1.5.0"
  dependencies:
    ansi-color: "npm:^0.2.1"
    minimist: "npm:^1.1.0"
    process: "npm:^0.10.0"
    xtend: "npm:^4.0.0"
  bin:
    hexer: ./cli.js
  checksum: 84462d3f4a979a4b87b6b65af6f4999463970bfd58fa33923fa648c581f188b39db3dcafc8518b7bf8eb8c70b2712f58b61491554f991e3627bec68194ece56a
  languageName: node
  linkType: hard

"http-errors@npm:2.0.0":
  version: 2.0.0
  resolution: "http-errors@npm:2.0.0"
  dependencies:
    depd: "npm:2.0.0"
    inherits: "npm:2.0.4"
    setprototypeof: "npm:1.2.0"
    statuses: "npm:2.0.1"
    toidentifier: "npm:1.0.1"
  checksum: 4ca64437169c64e448700bfc07ebaf5555bc0bb5c0880ab171a20312580af586f0c9f1bd5e9047336c84b4a31ade801ca7fe8c1c7e1d654f4ea9d5dee71dbb3c
  languageName: node
  linkType: hard

"iconv-lite@npm:0.4.24":
  version: 0.4.24
  resolution: "iconv-lite@npm:0.4.24"
  dependencies:
    safer-buffer: "npm:>= 2.1.2 < 3"
  checksum: 6cc23a171d6fe7c49ab89956a5f151dfc4db34b48b61cebe887051e35dbb9bebb25bf5e410e8c79efadfd8ed602a0f79f7d7814f77365841e0596c3136408eaf
  languageName: node
  linkType: hard

"inherits@npm:2.0.4":
  version: 2.0.4
  resolution: "inherits@npm:2.0.4"
  checksum: ca76c7e45ec715bfe6c1dd67b780b9a15068f37b37ab56cf8b773537b2654238469a42950f5f4d301212755e7512be888f627752e778e1863d95cfedefc8b8bd
  languageName: node
  linkType: hard

"ipaddr.js@npm:1.9.1":
  version: 1.9.1
  resolution: "ipaddr.js@npm:1.9.1"
  checksum: 5b70543172617fc9b0456f153d197a4fe2df54d1c808ebb17ee85e3cbcb73cf7159a29288d2f10be294f796bcb0695940d7881f8532c3b2928c8f22a97779d00
  languageName: node
  linkType: hard

"is-core-module@npm:^2.9.0":
  version: 2.11.0
  resolution: "is-core-module@npm:2.11.0"
  dependencies:
    has: "npm:^1.0.3"
  checksum: c1bf6feab8bba140f691b853db3032d33ce1bc883ecd1b7ddb4e33f2443b4da2bcbba671b6290c34f45c27a8fc02c0bf5e01c68192671f9133029d21a48f25b0
  languageName: node
  linkType: hard

"jaeger-client@npm:^3.15.0":
  version: 3.19.0
  resolution: "jaeger-client@npm:3.19.0"
  dependencies:
    node-int64: "npm:^0.4.0"
    opentracing: "npm:^0.14.4"
    thriftrw: "npm:^3.5.0"
    uuid: "npm:^8.3.2"
    xorshift: "npm:^1.1.1"
  checksum: 64c7fa6de351f6449630eccf3d136c43550196b823cdaf6589a78cee26bdb6a90c52f1c1595bb1fbb7c194f0d3966874fa273257cd2cf6d4141e244b07890424
  languageName: node
  linkType: hard

"lodash.merge@npm:4.6.2":
  version: 4.6.2
  resolution: "lodash.merge@npm:4.6.2"
  checksum: aab58997bcad5ab91908498bbe8ce4b78e8e5025a944f9a8b6a1f11bd2afba4dae55c61dfdcefadadd6cd04efb0c998109e14c633f4aa1f8b4541e4d252c69ea
  languageName: node
  linkType: hard

"long@npm:^2.4.0":
  version: 2.4.0
  resolution: "long@npm:2.4.0"
  checksum: 302c9407ef5a18c3e8e79b8b8d134ea48ef18faa4d1e620fa53d1d3f0b1ee2a72f6d4f38f1a956a7f0a0d1cb921b198d69782b5ba7bc8d9750a67c78e5c8bd31
  languageName: node
  linkType: hard

"lru-cache@npm:^6.0.0":
  version: 6.0.0
  resolution: "lru-cache@npm:6.0.0"
  dependencies:
    yallist: "npm:^4.0.0"
  checksum: b2d72088dd27df27189607554990b0fd31d3fbd4037df909ef66f48a14122baf8ffce7f33edc17e6543ea7cd71fa561136518355dde2ad57676fa0b2ea53b85f
  languageName: node
  linkType: hard

"make-error@npm:^1.1.1":
  version: 1.3.6
  resolution: "make-error@npm:1.3.6"
  checksum: 4b81ce1392495d554ce5fd28c8de95066642e5e1a5efd395e3b3413bc75068a025d8a567aefb0738ba6da18e73323ffde17794780f632fe4395e009aa9ebcc8a
  languageName: node
  linkType: hard

"media-typer@npm:0.3.0":
  version: 0.3.0
  resolution: "media-typer@npm:0.3.0"
  checksum: 21806e15268f71b2bbf35a57b5eb9a42e14be638b8b855e210fb90282744e622f9d232f34f1cf566dc487819ce66bbb8aa6568e3267f48b12e92e2ba679838ae
  languageName: node
  linkType: hard

"merge-descriptors@npm:1.0.1":
  version: 1.0.1
  resolution: "merge-descriptors@npm:1.0.1"
  checksum: 6c8d19415ddd30b17ebd8e4474897549915cb90bb1caa13bbc55cce27a72d377c289abd300a3e8c6c1a6d61c4ea1fbe297addf032a9d75cb8de2788bc8b9cb2c
  languageName: node
  linkType: hard

"methods@npm:~1.1.2":
  version: 1.1.2
  resolution: "methods@npm:1.1.2"
  checksum: 4641d1eda8231aee6774d28a32249f1d4f04e2a58a86c4a968eed39d178d64594ed829301eb603356decc9bd423eacd68d6bde7874a291475800a1568e547d4e
  languageName: node
  linkType: hard

"mime-db@npm:1.52.0":
  version: 1.52.0
  resolution: "mime-db@npm:1.52.0"
  checksum: 95baf687a3f14ff2cc433e30dea5c4931c7f4b67059d44a0098cfb833858cad63ec13c20f98762bddd088c4e9dac6d95862db1ea9d3fe3fa68f57b69a325000d
  languageName: node
  linkType: hard

"mime-types@npm:~2.1.24, mime-types@npm:~2.1.34":
  version: 2.1.35
  resolution: "mime-types@npm:2.1.35"
  dependencies:
    mime-db: "npm:1.52.0"
  checksum: 51e3b38d1b1b83da082f7c29042bcb22036101346394696b7643ef5da27ebf6bf71643bd45225ee75e4ea2836213780efc8c3dcd2055c84b49eb0afc061419d0
  languageName: node
  linkType: hard

"mime@npm:1.6.0":
  version: 1.6.0
  resolution: "mime@npm:1.6.0"
  bin:
    mime: cli.js
  checksum: d54c5e4de47046306425767290edaaefc6964fec09960c7df4a1f429f672b6651a13b01724180c698a0f5f0af556a81494d0380404a23da29460716f8454d6e0
  languageName: node
  linkType: hard

"minimist@npm:^1.1.0":
  version: 1.2.7
  resolution: "minimist@npm:1.2.7"
  checksum: 7bb50119bb59f48228a834e293a566c4b0e1b6c4648db83fb88830b4f932bfeaca72158bcdcc8a74130b339167eda92ec4cabb65faf07ab8d32542889a451676
  languageName: node
  linkType: hard

"module-details-from-path@npm:^1.0.3":
  version: 1.0.3
  resolution: "module-details-from-path@npm:1.0.3"
  checksum: 150176e00324e1536a0e728aa5ff5168105ed998e875ee76a4b3521fee93d727408d2e2a2bf9e5d001ba52e28ea1c4eed180843a3e556068b7dfc6715fcebae6
  languageName: node
  linkType: hard

"ms@npm:2.0.0":
  version: 2.0.0
  resolution: "ms@npm:2.0.0"
  checksum: de027828fc294bd9673f72caecf73f50eac7baf28a0dec371de03600a0aa5a891b0cb7f84a45071eac306c9dd260aed8e2174695cf3a99eaa37f663871241da9
  languageName: node
  linkType: hard

"ms@npm:2.1.2":
  version: 2.1.2
  resolution: "ms@npm:2.1.2"
  checksum: 3f46af60a08158f1c77746c06c2f6c7aba7feddafd41335f9baa2d7e0741d7539774aa7d5d1661a7f2b7eed55a7063771297eea016051924dbb04d4c2bf40bcb
  languageName: node
  linkType: hard

"ms@npm:2.1.3":
  version: 2.1.3
  resolution: "ms@npm:2.1.3"
  checksum: 78c12f6b473a022ebacc393fc14b76fe40b8feda7218124b86c4684e440e10377a063bec1d3902df1f74714f02b74b36ad7d3a6de9e2fbffa26fc29e5ce018fc
  languageName: node
  linkType: hard

"negotiator@npm:0.6.3":
  version: 0.6.3
  resolution: "negotiator@npm:0.6.3"
  checksum: d8e3b42d99638b1f363ce114c98e6906ade395c230058e50644417bd398b01381133dbca4bc49f30f6b1c93254e4b5a2d50cc47adcdabf2a8476b6f16311ad5d
  languageName: node
  linkType: hard

"nimble@workspace:.":
  version: 0.0.0-use.local
  resolution: "nimble@workspace:."
  dependencies:
    "@opentelemetry/exporter-jaeger": "npm:^1.7.0"
    "@opentelemetry/exporter-trace-otlp-http": "npm:^0.33.0"
    "@opentelemetry/instrumentation": "npm:^0.33.0"
    "@opentelemetry/instrumentation-express": "npm:^0.31.2"
    "@opentelemetry/instrumentation-http": "npm:^0.33.0"
    "@opentelemetry/sdk-trace-node": "npm:^1.7.0"
    "@types/express": "npm:^4.17.14"
    "@types/node": "npm:^18.8.2"
    express: "npm:^4.18.1"
    ts-node: "npm:^10.9.1"
    typescript: "npm:^4.8.4"
  languageName: unknown
  linkType: soft

"node-int64@npm:^0.4.0":
  version: 0.4.0
  resolution: "node-int64@npm:0.4.0"
  checksum: 5333c7f5b12fafad1807687f105230a521dec9d089960e69c1fdd6e0e9f4f89fa07498a239ec5267b6e6078b1217400f400895656d93630a7d763887bf0f9a99
  languageName: node
  linkType: hard

"object-inspect@npm:^1.9.0":
  version: 1.12.2
  resolution: "object-inspect@npm:1.12.2"
  checksum: 46e3fc4cb6a51a37c21c68bdf682befc2e50a0d1643d1f7cbdce9a5fd13e9d44ae8cbbf1b05f0c8daf739c02eb9044d825544e25c3aef2a7d315980c8c7ccb71
  languageName: node
  linkType: hard

"on-finished@npm:2.4.1":
  version: 2.4.1
  resolution: "on-finished@npm:2.4.1"
  dependencies:
    ee-first: "npm:1.1.1"
  checksum: 93ad68cf985df7d5263acef0302610a63f5d28840054b8d9a085776427beec4c7ce5518274c46b302eefd43747e81f6bb7df7dc4a2a2b345c0c49f31ad344385
  languageName: node
  linkType: hard

"opentracing@npm:^0.14.4":
  version: 0.14.7
  resolution: "opentracing@npm:0.14.7"
  checksum: 1c9081e002b8f6b73305b2e1d131dcc2f2c0ac3d4fcc0a6b6c8ec51f0f10d9a07e2d44f22c5cc2ac3a91410032101010b84cd430b6253079a53bfa126f001fac
  languageName: node
  linkType: hard

"parseurl@npm:~1.3.3":
  version: 1.3.3
  resolution: "parseurl@npm:1.3.3"
  checksum: cbd2f45d9ab7fe80e5a742ff88fdedcfae00a32b1e6cca174c4d5c11b9480d0dde9a22b5e9505da44734f047e7cea8457508fced54067b870595a7938d29b467
  languageName: node
  linkType: hard

"path-parse@npm:^1.0.7":
  version: 1.0.7
  resolution: "path-parse@npm:1.0.7"
  checksum: ca291d7bced407e20480b686d7ef4f9dd112ef00d6f109faa50bbefe8ff9dd51e164781fa0670c7b5d67a88610008e83e594f8294ec809c1b7203c6577ca3777
  languageName: node
  linkType: hard

"path-to-regexp@npm:0.1.7":
  version: 0.1.7
  resolution: "path-to-regexp@npm:0.1.7"
  checksum: 65caab5a929dda7ae7f6ab3be871a82390317291271694dea898eea5fdcc232ae7fd197a76a3cda4bd6dcef8d82e582578e02eb7d5fa659df0f4d33a53c9753f
  languageName: node
  linkType: hard

"process@npm:^0.10.0":
  version: 0.10.1
  resolution: "process@npm:0.10.1"
  checksum: 9306ce8f90e61835a6df91894367797e2ac0d97dba535105cc1bc09135c4a293357c32dfca59d5e5c950ab1a3e33d4fe8c36e17b446643343b0b776296728b68
  languageName: node
  linkType: hard

"proxy-addr@npm:~2.0.7":
  version: 2.0.7
  resolution: "proxy-addr@npm:2.0.7"
  dependencies:
    forwarded: "npm:0.2.0"
    ipaddr.js: "npm:1.9.1"
  checksum: c03f00d8f882b97636262d0ae7da0c502325474ea215f21b4f0664ad8f40f49d2071b52c18257d011338be3db21ca65a6e8cbc0d95fb23efc00516ce9ee37c27
  languageName: node
  linkType: hard

"qs@npm:6.10.3":
  version: 6.10.3
  resolution: "qs@npm:6.10.3"
  dependencies:
    side-channel: "npm:^1.0.4"
  checksum: 69daaebb744bec0bd455ac08973c47c3dcbdb389165ceee7522dec41b2b812ecbd2015c09bcc39309efced5d955f849f07dbc4bfdb5b77a360e1ea9a65fc506a
  languageName: node
  linkType: hard

"range-parser@npm:~1.2.1":
  version: 1.2.1
  resolution: "range-parser@npm:1.2.1"
  checksum: fc96933398c1a37a5c0c02bfc84ae171fa71b6f7b3d4360f84c9faeff5f43f29ebc59b404eab9af00073bb03a9717e05f8c46cd191524b6aefc72f227bad54d5
  languageName: node
  linkType: hard

"raw-body@npm:2.5.1":
  version: 2.5.1
  resolution: "raw-body@npm:2.5.1"
  dependencies:
    bytes: "npm:3.1.2"
    http-errors: "npm:2.0.0"
    iconv-lite: "npm:0.4.24"
    unpipe: "npm:1.0.0"
  checksum: b5e41c0e7213e078f045a2b2397eb35665e952ad5176ff7462b740f7c7730b3d47d496ab2b1dd31ed36f8ffed41291cf93b035516403e0babea72c42d039b66b
  languageName: node
  linkType: hard

"require-in-the-middle@npm:^5.0.3":
  version: 5.2.0
  resolution: "require-in-the-middle@npm:5.2.0"
  dependencies:
    debug: "npm:^4.1.1"
    module-details-from-path: "npm:^1.0.3"
    resolve: "npm:^1.22.1"
  checksum: 8a318a1ce8ad2b2a142c3188a66327ae2a6c3b7be75d4de38ea9bf20f81bae15fe2bc04e74d50c55cad0e7ae38e5924f3d7458b6ac1e6e67e6d3b92a240e4d53
  languageName: node
  linkType: hard

"resolve@npm:^1.22.1":
  version: 1.22.1
  resolution: "resolve@npm:1.22.1"
  dependencies:
    is-core-module: "npm:^2.9.0"
    path-parse: "npm:^1.0.7"
    supports-preserve-symlinks-flag: "npm:^1.0.0"
  bin:
    resolve: bin/resolve
  checksum: d8ea39ac2ecaedc681504f043944a20cc05587d6ec52d4d9ec79801e58be083f2237d0e83170ce86c793083eaf71a6f95a7f921a79dfb6fa32b37107e61df36c
  languageName: node
  linkType: hard

"resolve@patch:resolve@npm%3A^1.22.1#optional!builtin<compat/resolve>":
  version: 1.22.1
  resolution: "resolve@patch:resolve@npm%3A1.22.1#optional!builtin<compat/resolve>::version=1.22.1&hash=c3c19d"
  dependencies:
    is-core-module: "npm:^2.9.0"
    path-parse: "npm:^1.0.7"
    supports-preserve-symlinks-flag: "npm:^1.0.0"
  bin:
    resolve: bin/resolve
  checksum: a6f214b97d932445796f78dab7a898ec78966327e0d6cb571f90b6ac0f3b3347bf6bab0a071d899bfdc316b26ed845f6655310b38b8f6ee4da5272a0c5ecef85
  languageName: node
  linkType: hard

"safe-buffer@npm:5.2.1":
  version: 5.2.1
  resolution: "safe-buffer@npm:5.2.1"
  checksum: da8a21b3336a21c152eb3ba8ab41acde5772644f026d4b6e5f9fd8afa4f0cf407c113b19a362580fab9aea8beea295465432fc7684f9ff38aac559bb1b5528cd
  languageName: node
  linkType: hard

"safer-buffer@npm:>= 2.1.2 < 3":
  version: 2.1.2
  resolution: "safer-buffer@npm:2.1.2"
  checksum: d4199666e9e792968c0b88c2c35dd400f56d3eecb9affbcf5207922822eadf30cc06995bae3c5d0a653851bbd40fc0af578bf046bbf734199ce22433ba4da659
  languageName: node
  linkType: hard

"semver@npm:^7.3.2, semver@npm:^7.3.5":
  version: 7.3.8
  resolution: "semver@npm:7.3.8"
  dependencies:
    lru-cache: "npm:^6.0.0"
  bin:
    semver: bin/semver.js
  checksum: 94ad80ee14889020cb4a14d809fb99d16cbf4ff3dc7f4c564fc72efe2c5763a60090a1c16a9fd18ceeb1e993a1303a4d870c0a22f26adaf435b368b46a7d8462
  languageName: node
  linkType: hard

"send@npm:0.18.0":
  version: 0.18.0
  resolution: "send@npm:0.18.0"
  dependencies:
    debug: "npm:2.6.9"
    depd: "npm:2.0.0"
    destroy: "npm:1.2.0"
    encodeurl: "npm:~1.0.2"
    escape-html: "npm:~1.0.3"
    etag: "npm:~1.8.1"
    fresh: "npm:0.5.2"
    http-errors: "npm:2.0.0"
    mime: "npm:1.6.0"
    ms: "npm:2.1.3"
    on-finished: "npm:2.4.1"
    range-parser: "npm:~1.2.1"
    statuses: "npm:2.0.1"
  checksum: 670f134b35017d77ae82b02f04f5529651c4970887a5ffc581f003ed3858f8bda991eb1213e3b94f3c98acdcfc6a16cf83b58d330892662efe41d1d0d7993838
  languageName: node
  linkType: hard

"serve-static@npm:1.15.0":
  version: 1.15.0
  resolution: "serve-static@npm:1.15.0"
  dependencies:
    encodeurl: "npm:~1.0.2"
    escape-html: "npm:~1.0.3"
    parseurl: "npm:~1.3.3"
    send: "npm:0.18.0"
  checksum: 38b4b126ef7497103b0466c1b876e2ad9732d3a32a905ef6b54681525802a2defba6e8e48c136f68c666e48f8c2dc869d24060b0a83f1dbdf724632cccf072fe
  languageName: node
  linkType: hard

"setprototypeof@npm:1.2.0":
  version: 1.2.0
  resolution: "setprototypeof@npm:1.2.0"
  checksum: ba389f4722581d9070df0a323a29501254594a97fee0e9308e73372f9856dbdb37fff71a0fef1e31c48901384544260d12925b791477e0101d7a68a6e28c23cf
  languageName: node
  linkType: hard

"shimmer@npm:^1.2.1":
  version: 1.2.1
  resolution: "shimmer@npm:1.2.1"
  checksum: a44a2a12566e2e19e6ad04bdb0d8cb79fd1b78ef6fa431c5f0ecfb6c062f38552436be58581391e63f7c1ed6ff9a8f82ecec455eae452e0211fc682cd5a31098
  languageName: node
  linkType: hard

"side-channel@npm:^1.0.4":
  version: 1.0.4
  resolution: "side-channel@npm:1.0.4"
  dependencies:
    call-bind: "npm:^1.0.0"
    get-intrinsic: "npm:^1.0.2"
    object-inspect: "npm:^1.9.0"
  checksum: d712a4e682471c1a1c7bf9294a8bb0f066566e016de11fdb01ae0c0ebf8102c97cc2b2d3b0264ca377eb2d3444bf4c06909392c518a162f047b7444608e0e9a2
  languageName: node
  linkType: hard

"statuses@npm:2.0.1":
  version: 2.0.1
  resolution: "statuses@npm:2.0.1"
  checksum: a7e9d41901245a442e77b339f715d77ac113c03ab9434d9f81ae45d75ed3437d9824e601ae1a834ad3e471ae3fc78d3c00decec5e826c91552a58d4c38833ecf
  languageName: node
  linkType: hard

"string-template@npm:~0.2.1":
  version: 0.2.1
  resolution: "string-template@npm:0.2.1"
  checksum: 53c7384150caa4cd24a2264a8ab0e0d80635377b65e715ad483cbb2db752ad07e70d2bcaa5d4462ddb5b57bb69a44c5dec650ffde22fa948942b142725e36120
  languageName: node
  linkType: hard

"supports-preserve-symlinks-flag@npm:^1.0.0":
  version: 1.0.0
  resolution: "supports-preserve-symlinks-flag@npm:1.0.0"
  checksum: 14609489b044de2eaffe0e7549173bb39d6997510ac4b7279d07bf2aafe309205abe172a8c8d248062a24e32ab61a2ae85efc5b4cdf7f932c7cdbe81ca1f39ec
  languageName: node
  linkType: hard

"thriftrw@npm:^3.5.0":
  version: 3.12.0
  resolution: "thriftrw@npm:3.12.0"
  dependencies:
    bufrw: "npm:^1.3.0"
    error: "npm:7.0.2"
    long: "npm:^2.4.0"
  bin:
    thrift2json: ./thrift2json.js
  checksum: f4d6ae5ccebc304cc50fcce2a3c45ceba5c58f3d0ae01662d63ed08d12b4de57c427995a1127d05bfc4500027eb40ad8350df443852a78c61800d4c66832776f
  languageName: node
  linkType: hard

"toidentifier@npm:1.0.1":
  version: 1.0.1
  resolution: "toidentifier@npm:1.0.1"
  checksum: ed889234ceb442c0d5f87ab3f2a8fc0679800baa41766c0d9ce1bb82c700052fd6cf5d1656e1304de13d7a7d5974962fedc1bbe9a0e4686c3d8743c716c7dd5f
  languageName: node
  linkType: hard

"ts-node@npm:^10.9.1":
  version: 10.9.1
  resolution: "ts-node@npm:10.9.1"
  dependencies:
    "@cspotcode/source-map-support": "npm:^0.8.0"
    "@tsconfig/node10": "npm:^1.0.7"
    "@tsconfig/node12": "npm:^1.0.7"
    "@tsconfig/node14": "npm:^1.0.0"
    "@tsconfig/node16": "npm:^1.0.2"
    acorn: "npm:^8.4.1"
    acorn-walk: "npm:^8.1.1"
    arg: "npm:^4.1.0"
    create-require: "npm:^1.1.0"
    diff: "npm:^4.0.1"
    make-error: "npm:^1.1.1"
    v8-compile-cache-lib: "npm:^3.0.1"
    yn: "npm:3.1.1"
  peerDependencies:
    "@swc/core": ">=1.2.50"
    "@swc/wasm": ">=1.2.50"
    "@types/node": "*"
    typescript: ">=2.7"
  peerDependenciesMeta:
    "@swc/core":
      optional: true
    "@swc/wasm":
      optional: true
  bin:
    ts-node: dist/bin.js
    ts-node-cwd: dist/bin-cwd.js
    ts-node-esm: dist/bin-esm.js
    ts-node-script: dist/bin-script.js
    ts-node-transpile-only: dist/bin-transpile.js
    ts-script: dist/bin-script-deprecated.js
  checksum: c4caff4b9bb7a3a44adbb64a38786ce4203c2ebceb8b5373b504d0826cf047f9f23105767a3e130e2f4078629f592a8332cfd8ee1061b57b7d159de49c7d8f6f
  languageName: node
  linkType: hard

"type-is@npm:~1.6.18":
  version: 1.6.18
  resolution: "type-is@npm:1.6.18"
  dependencies:
    media-typer: "npm:0.3.0"
    mime-types: "npm:~2.1.24"
  checksum: 1cf58e1d0c2129201bee6abe8029f5dda621f86a1094955b6510c9baf879a45f725b2e19c7dc1f04a623a0edd8f3cc39cc4d4899287c805b6b1177c961f46564
  languageName: node
  linkType: hard

"typescript@npm:^4.8.4":
  version: 4.8.4
  resolution: "typescript@npm:4.8.4"
  bin:
    tsc: bin/tsc
    tsserver: bin/tsserver
  checksum: 008c336ed785130b6e13254adbfc4084f5dbbe62851df9bac3eaf62fc29e0a396839c00ce47e0d92db44fa9a08b9f7ba4d31304f2b10cf7d42a0817728e822a1
  languageName: node
  linkType: hard

"typescript@patch:typescript@npm%3A^4.8.4#optional!builtin<compat/typescript>":
  version: 4.8.4
  resolution: "typescript@patch:typescript@npm%3A4.8.4#optional!builtin<compat/typescript>::version=4.8.4&hash=1a91c8"
  bin:
    tsc: bin/tsc
    tsserver: bin/tsserver
  checksum: f6e45be090c6971bf57d07481cb7bd896303ffaee35b5a52a3418908d3cd252b20f5d25b5b1ebaf5c52754f9802421542b4aa70093744cb6d6b306936b5053bb
  languageName: node
  linkType: hard

"unpipe@npm:1.0.0, unpipe@npm:~1.0.0":
  version: 1.0.0
  resolution: "unpipe@npm:1.0.0"
  checksum: 0504c357ea2fced264cd144bb1c3e44515a22ea8003eb3c35d3dabcb67181b023febec6bfa6fc6d863877bc556ae5939ede1c26d81a7dfd4a8f06b16bd091ea5
  languageName: node
  linkType: hard

"utils-merge@npm:1.0.1":
  version: 1.0.1
  resolution: "utils-merge@npm:1.0.1"
  checksum: b72b8d7a0f7d63a9b1ced39a44b292994111c93cf9c4da8a561e4fe0d0232af7217a53d5aae3a950fb7ab6f423baf3e0d2d7c7c33dd6c4ec78d0a3c720ee6adb
  languageName: node
  linkType: hard

"uuid@npm:^8.3.2":
  version: 8.3.2
  resolution: "uuid@npm:8.3.2"
  bin:
    uuid: dist/bin/uuid
  checksum: 236a12282c6fa32f326aa1b6d5699a843572e9ab7de84a1507a6b7c315fdcf55bf6ed333fd37d35c5c656f4cb96af998844e1c8cae281c442a1ec3b66df62962
  languageName: node
  linkType: hard

"v8-compile-cache-lib@npm:^3.0.1":
  version: 3.0.1
  resolution: "v8-compile-cache-lib@npm:3.0.1"
  checksum: 0ebe342e7f20816fd5d323affd77f60ea65810ef60beecafbb06397870b18b3d6cb76412721e23603f603fcf5b1f3b37e2844adf15e9b708dbd6404f01884b23
  languageName: node
  linkType: hard

"vary@npm:~1.1.2":
  version: 1.1.2
  resolution: "vary@npm:1.1.2"
  checksum: b1db20d4be443aec48b8efab73386f83d947b7033b6b2f5a0c7ba4a1f9bc0200cb4cb396712468761f8edfe48dd68a6fdee7c65689b90937a2d767c714d25883
  languageName: node
  linkType: hard

"xorshift@npm:^1.1.1":
  version: 1.2.0
  resolution: "xorshift@npm:1.2.0"
  checksum: 40155f31d5a44b7c6d32d9cf3753d14a974ccb5de4d2844a4ae45b7a266904a9ab7fb4ac66fd62364cc00d8ea9e13b1e4e3276cb7bf7b6bf8d5a1c3da9488a69
  languageName: node
  linkType: hard

"xtend@npm:^4.0.0, xtend@npm:~4.0.0":
  version: 4.0.2
  resolution: "xtend@npm:4.0.2"
  checksum: 3d5d245e44d76b4eaf8a357199541347da8ce522bc0573fdb89b01ff6594b33364569d1dba02ccfe3ee86b384c0d61c06fda1b0cff71f382029e2a18e2f592f7
  languageName: node
  linkType: hard

"yallist@npm:^4.0.0":
  version: 4.0.0
  resolution: "yallist@npm:4.0.0"
  checksum: cd7fe32508c6942d8b979278fbe13846fe88cd6840d78043d08c6b2c74d67ce38b58bd21618dca8a4e132dcc025fc0e66a7d87ca10cf6ed338465607ebff4378
  languageName: node
  linkType: hard

"yn@npm:3.1.1":
  version: 3.1.1
  resolution: "yn@npm:3.1.1"
  checksum: 890a9ce10f1f6691316f521444dcdc2d012dbfba423ec2252444dab5888def4ee48751304e51302c6d14197a1e9407256153a357c955bff1d659df592cfda456
  languageName: node
  linkType: hard
